PODS:
  - DebugFrame (2.0.0)
  - SnapshotTesting (1.9.0)

DEPENDENCIES:
  - DebugFrame (from `../`)
  - SnapshotTesting (= 1.9.0)

SPEC REPOS:
  trunk:
    - SnapshotTesting

EXTERNAL SOURCES:
  DebugFrame:
    :path: "../"

SPEC CHECKSUMS:
  DebugFrame: 4e85e49a5327b09e055538442481398f3ad38be2
  SnapshotTesting: 6141c48b6aa76ead61431ca665c14ab9a066c53b

PODFILE CHECKSUM: 8f2d82fe448e2e09320a9a650ed45b374d09e3ba

COCOAPODS: 1.14.3
